{
  "version": "1",
  "sources": {
    "disko": {
      "type": "GitHub",
      "fetchType": "tarball",
      "owner": "nix-community",
      "repo": "disko",
      "branch": "master",
      "revision": "115e5211780054d8a890b41f0b7734cafad54dfe",
      "url": "https://github.com/nix-community/disko/archive/115e5211780054d8a890b41f0b7734cafad54dfe.tar.gz",
      "hash": "sha256-eTAlX0CwgB84Ts3GaBd944A3DRXVMzgA0EqroZBISUo="
    },
    "nixos-hardware": {
      "type": "GitHub",
      "fetchType": "tarball",
      "owner": "NixOS",
      "repo": "nixos-hardware",
      "branch": "master",
      "revision": "4ed851c979641e28597a05086332d75cdc9e395f",
      "url": "https://github.com/NixOS/nixos-hardware/archive/4ed851c979641e28597a05086332d75cdc9e395f.tar.gz",
      "hash": "sha256-fPBRVf6A5xlACYcOI59shGrjURuvwu0lRsDoSCEXt/I="
    },
    "nixpkgs": {
      "type": "GitHub",
      "fetchType": "tarball",
      "owner": "NixOS",
      "repo": "nixpkgs",
      "branch": "nixos-26.05",
      "revision": "bd0ff2d3eac24699c3664d5966b9ef36f388e2ca",
      "url": "https://github.com/NixOS/nixpkgs/archive/bd0ff2d3eac24699c3664d5966b9ef36f388e2ca.tar.gz",
      "hash": "sha256-q8yYEC5f1mFlQO9RGna4LTc9QrcvWunX6FYp83munkQ="
    },
    "nixpkgs-mistral-firmware": {
      "type": "GitHub",
      "fetchType": "tarball",
      "frozen": true,
      "owner": "NixOS",
      "repo": "nixpkgs",
      "branch": "master",
      "revision": "5e6e5ea38b0bdf4917c0b80b7b93ad790d5299a3",
      "url": "https://github.com/NixOS/nixpkgs/archive/5e6e5ea38b0bdf4917c0b80b7b93ad790d5299a3.tar.gz",
      "hash": "sha256-gfGYEh8U1iduHOmiZn2o1jscvQ14Pn0ATkzRcdDdzp8="
    },
    "nixpkgs-unstable": {
      "type": "GitHub",
      "fetchType": "tarball",
      "owner": "NixOS",
      "repo": "nixpkgs",
      "branch": "nixos-unstable",
      "revision": "331800de5053fcebacf6813adb5db9c9dca22a0c",
      "url": "https://github.com/NixOS/nixpkgs/archive/331800de5053fcebacf6813adb5db9c9dca22a0c.tar.gz",
      "hash": "sha256-x5UQuRsH3MqI0U9afaXSNqzTPSeZlRLvFAav2Ux1pNw="
    },
    "nvix": {
      "type": "GitHub",
      "fetchType": "tarball",
      "owner": "SolidEva",
      "repo": "nvix",
      "branch": "master",
      "revision": "c35f855b2d4f3fd70c94503b52fbab596da56346",
      "url": "https://github.com/SolidEva/nvix/archive/c35f855b2d4f3fd70c94503b52fbab596da56346.tar.gz",
      "hash": "sha256-telkcyGNjyM86wvKHvmUhjsqfzETW5xiGAgIASapLBo="
    },
    "prawnix-secrets-decoyoctopus": {
      "type": "Git",
      "fetchType": "git",
      "branch": "main",
      "revision": "4de75ed5be7479cab7c5b03857610fd67b796dfa",
      "url": "/home/eva/prawnix-secrets-decoyoctopus/",
      "hash": "sha256-BaQ0aOAH8SFSnmtnGfhmokrNs+bRIm30IpN5lYe2uVo=",
      "lastModified": 1774026740,
      "submodules": false
    },
    "prawnix-secrets-revolverocelot": {
      "type": "Git",
      "fetchType": "git",
      "branch": "main",
      "revision": "ff01fe0d6c4fa702466d239c0a062a362a1aa5b3",
      "url": "/home/eva/prawnix-secrets-revolverocelot/",
      "hash": "sha256-z6g+I3Hv5mT9aVw/RukEey5g6Rm+4J7Fo27xsFUE0bw=",
      "lastModified": 1774300386,
      "submodules": false
    },
    "prawnix-secrets-solidsnake": {
      "type": "Git",
      "fetchType": "git",
      "branch": "main",
      "revision": "fe842511a6cc47507bf92ae23630fe692d33e268",
      "url": "/home/eva/prawnix-secrets-solidsnake/",
      "hash": "sha256-VQaj1HCyjFIQn6TMEdI78lmy/5vb+CPpof2ZbDxJ+8Q=",
      "lastModified": 1779570875,
      "submodules": false
    },
    "sops-nix": {
      "type": "GitHub",
      "fetchType": "tarball",
      "owner": "mic92",
      "repo": "sops-nix",
      "branch": "master",
      "revision": "9ed65852b6257fbeae4355bc24ecfea307ca759a",
      "url": "https://github.com/mic92/sops-nix/archive/9ed65852b6257fbeae4355bc24ecfea307ca759a.tar.gz",
      "hash": "sha256-Gq8KNx5A7hBB3uGJaj6eQfLDIz5YdLu92gqBcvHvoUo="
    }
  }
}
