{
  "version": "1",
  "sources": {
    "disko": {
      "type": "GitHub",
      "fetchType": "tarball",
      "owner": "nix-community",
      "repo": "disko",
      "branch": "master",
      "revision": "5ad85c82cc52264f4beddc934ba57f3789f28347",
      "url": "https://github.com/nix-community/disko/archive/5ad85c82cc52264f4beddc934ba57f3789f28347.tar.gz",
      "hash": "sha256-PAqwnsBSI9SVC2QugvQ3xeYCB0otOwCacB1ueQj2tgw="
    },
    "nixos-hardware": {
      "type": "GitHub",
      "fetchType": "tarball",
      "owner": "NixOS",
      "repo": "nixos-hardware",
      "branch": "master",
      "revision": "f8e82243fd601afb9f59ad230958bd073795cbfe",
      "url": "https://github.com/NixOS/nixos-hardware/archive/f8e82243fd601afb9f59ad230958bd073795cbfe.tar.gz",
      "hash": "sha256-qonGfS2lzCgCl59Zl63jF6dIRRpvW3AJooBGMaXjHiY="
    },
    "nixpkgs": {
      "type": "GitHub",
      "fetchType": "tarball",
      "owner": "NixOS",
      "repo": "nixpkgs",
      "branch": "nixos-25.11",
      "revision": "0c88e1f2bdb93d5999019e99cb0e61e1fe2af4c5",
      "url": "https://github.com/NixOS/nixpkgs/archive/0c88e1f2bdb93d5999019e99cb0e61e1fe2af4c5.tar.gz",
      "hash": "sha256-q/nkKLDtHIyLjZpKhWk3cSK5IYsFqtMd6UtXF3ddjgA="
    },
    "nixpkgs-mistral-firmware": {
      "type": "GitHub",
      "fetchType": "tarball",
      "frozen": true,
      "owner": "NixOS",
      "repo": "nixpkgs",
      "branch": "master",
      "revision": "5e6e5ea38b0bdf4917c0b80b7b93ad790d5299a3",
      "url": "https://github.com/NixOS/nixpkgs/archive/5e6e5ea38b0bdf4917c0b80b7b93ad790d5299a3.tar.gz",
      "hash": "sha256-gfGYEh8U1iduHOmiZn2o1jscvQ14Pn0ATkzRcdDdzp8="
    },
    "nixpkgs-unstable": {
      "type": "GitHub",
      "fetchType": "tarball",
      "owner": "NixOS",
      "repo": "nixpkgs",
      "branch": "nixos-unstable",
      "revision": "15f4ee454b1dce334612fa6843b3e05cf546efab",
      "url": "https://github.com/NixOS/nixpkgs/archive/15f4ee454b1dce334612fa6843b3e05cf546efab.tar.gz",
      "hash": "sha256-Ad49moKWeXtKBJNy2ebiTQUEgdLyvGmTeykAQ9xM+Z4="
    },
    "nvix": {
      "type": "GitHub",
      "fetchType": "tarball",
      "owner": "SolidEva",
      "repo": "nvix",
      "branch": "master",
      "revision": "c35f855b2d4f3fd70c94503b52fbab596da56346",
      "url": "https://github.com/SolidEva/nvix/archive/c35f855b2d4f3fd70c94503b52fbab596da56346.tar.gz",
      "hash": "sha256-telkcyGNjyM86wvKHvmUhjsqfzETW5xiGAgIASapLBo="
    },
    "prawnix-secrets-decoyoctopus": {
      "type": "Git",
      "fetchType": "git",
      "branch": "main",
      "revision": "4de75ed5be7479cab7c5b03857610fd67b796dfa",
      "url": "/home/eva/prawnix-secrets-decoyoctopus/",
      "hash": "sha256-BaQ0aOAH8SFSnmtnGfhmokrNs+bRIm30IpN5lYe2uVo=",
      "lastModified": 1774026740,
      "submodules": false
    },
    "prawnix-secrets-solidsnake": {
      "type": "Git",
      "fetchType": "git",
      "branch": "main",
      "revision": "63081013dbaddbadea6aae3d68e09a97ee663ed3",
      "url": "/home/eva/prawnix-secrets-solidsnake/",
      "hash": "sha256-iFpwslxUvR5oHKys/XIFQ5CC/V6ntt2ANd+MQLt55bM=",
      "lastModified": 1774026140,
      "submodules": false
    },
    "sops-nix": {
      "type": "GitHub",
      "fetchType": "tarball",
      "owner": "mic92",
      "repo": "sops-nix",
      "branch": "master",
      "revision": "29b6519f3e0780452bca0ac0be4584f04ac16cc5",
      "url": "https://github.com/mic92/sops-nix/archive/29b6519f3e0780452bca0ac0be4584f04ac16cc5.tar.gz",
      "hash": "sha256-+ycaiVAk3MEshJTg35cBTUa0MizGiS+bgpYw/f8ohkg="
    }
  }
}
