{
  "version": "1",
  "sources": {
    "disko": {
      "type": "GitHub",
      "fetchType": "tarball",
      "owner": "nix-community",
      "repo": "disko",
      "branch": "master",
      "revision": "115e5211780054d8a890b41f0b7734cafad54dfe",
      "url": "https://github.com/nix-community/disko/archive/115e5211780054d8a890b41f0b7734cafad54dfe.tar.gz",
      "hash": "sha256-eTAlX0CwgB84Ts3GaBd944A3DRXVMzgA0EqroZBISUo="
    },
    "lanzaboote": {
      "type": "GitHub",
      "fetchType": "tarball",
      "frozen": true,
      "owner": "nix-community",
      "repo": "lanzaboote",
      "branch": "master",
      "revision": "v1.1.0",
      "url": "https://github.com/nix-community/lanzaboote/archive/v1.1.0.tar.gz",
      "hash": "sha256-hqijVSEETttmo8Okql9/LG0Ua34hdciKW1a5zzlj8mU="
    },
    "nixos-hardware": {
      "type": "GitHub",
      "fetchType": "tarball",
      "owner": "NixOS",
      "repo": "nixos-hardware",
      "branch": "master",
      "revision": "4ed851c979641e28597a05086332d75cdc9e395f",
      "url": "https://github.com/NixOS/nixos-hardware/archive/4ed851c979641e28597a05086332d75cdc9e395f.tar.gz",
      "hash": "sha256-fPBRVf6A5xlACYcOI59shGrjURuvwu0lRsDoSCEXt/I="
    },
    "nixos-mailserver": {
      "type": "Git",
      "fetchType": "git",
      "branch": "nixos-26.05",
      "revision": "661ec59a97ccee13a63f79280b282eb6f7d3f817",
      "url": "https://gitlab.com/simple-nixos-mailserver/nixos-mailserver",
      "hash": "sha256-rq6WOopxq3U2AGEWO80o9LIJDYcYIdgw6jyl+y+19w8=",
      "lastModified": 1781301671,
      "submodules": false
    },
    "nixos-pi-zero-2": {
      "type": "GitHub",
      "fetchType": "tarball",
      "owner": "SolidEva",
      "repo": "nixos-pi-zero-2",
      "branch": "main",
      "revision": "9005a43edafff1e7a0e8c2d59c5546c199af3f7c",
      "url": "https://github.com/SolidEva/nixos-pi-zero-2/archive/9005a43edafff1e7a0e8c2d59c5546c199af3f7c.tar.gz",
      "hash": "sha256-udGrTLXWswEmjOCn84tWJoTd2220KarrCOoHPbiw/W0="
    },
    "nixpkgs": {
      "type": "GitHub",
      "fetchType": "tarball",
      "owner": "NixOS",
      "repo": "nixpkgs",
      "branch": "nixos-26.05",
      "revision": "8eeec934ae0dbeca3d7868c059568a65c08b2fc3",
      "url": "https://github.com/NixOS/nixpkgs/archive/8eeec934ae0dbeca3d7868c059568a65c08b2fc3.tar.gz",
      "hash": "sha256-lDebytrYdd47IBLwvNOD+6AGeoqZ78CIKlp70hzW280="
    },
    "nixpkgs-mistral-firmware": {
      "type": "GitHub",
      "fetchType": "tarball",
      "frozen": true,
      "owner": "NixOS",
      "repo": "nixpkgs",
      "branch": "master",
      "revision": "5e6e5ea38b0bdf4917c0b80b7b93ad790d5299a3",
      "url": "https://github.com/NixOS/nixpkgs/archive/5e6e5ea38b0bdf4917c0b80b7b93ad790d5299a3.tar.gz",
      "hash": "sha256-gfGYEh8U1iduHOmiZn2o1jscvQ14Pn0ATkzRcdDdzp8="
    },
    "nixpkgs-unstable": {
      "type": "GitHub",
      "fetchType": "tarball",
      "owner": "NixOS",
      "repo": "nixpkgs",
      "branch": "nixos-unstable",
      "revision": "331800de5053fcebacf6813adb5db9c9dca22a0c",
      "url": "https://github.com/NixOS/nixpkgs/archive/331800de5053fcebacf6813adb5db9c9dca22a0c.tar.gz",
      "hash": "sha256-x5UQuRsH3MqI0U9afaXSNqzTPSeZlRLvFAav2Ux1pNw="
    },
    "prawnix-secrets-decoyoctopus": {
      "type": "Git",
      "fetchType": "git",
      "branch": "main",
      "revision": "4de75ed5be7479cab7c5b03857610fd67b796dfa",
      "url": "/home/eva/prawnix-secrets-decoyoctopus/",
      "hash": "sha256-BaQ0aOAH8SFSnmtnGfhmokrNs+bRIm30IpN5lYe2uVo=",
      "lastModified": 1774026740,
      "submodules": false
    },
    "prawnix-secrets-mistral": {
      "type": "Git",
      "fetchType": "git",
      "branch": "main",
      "revision": "afcf38451a3e6bbfd8d30ef80fa2c77e963d1b68",
      "url": "/home/eva/prawnix-secrets-mistral",
      "hash": "sha256-GGUECihD7OUcRdiCyRf4FBsXwOHyvJhHF1Q7oxkDqX8=",
      "lastModified": 1785174650,
      "submodules": false
    },
    "prawnix-secrets-raiden": {
      "type": "Git",
      "fetchType": "git",
      "branch": "main",
      "revision": "66a686b35e88d5ff8a7eb7ec09fe9ae0f616a0bb",
      "url": "/home/eva/prawnix-secrets-raiden/",
      "hash": "sha256-ukqduWBGGAeIDTQvJwDFrSGxjuG+f6OmQzHvDWDxPOc=",
      "lastModified": 1784039925,
      "submodules": false
    },
    "prawnix-secrets-revolverocelot": {
      "type": "Git",
      "fetchType": "git",
      "branch": "main",
      "revision": "04cb911014620c853cc5d0d9374f562092a6f3f1",
      "url": "/home/eva/prawnix-secrets-revolverocelot/",
      "hash": "sha256-SKbErRBNMREuS18yAArP42cniovyUWGeSGtWLiOdoY4=",
      "lastModified": 1781444902,
      "submodules": false
    },
    "prawnix-secrets-solidsnake": {
      "type": "Git",
      "fetchType": "git",
      "branch": "main",
      "revision": "fe842511a6cc47507bf92ae23630fe692d33e268",
      "url": "/home/eva/prawnix-secrets-solidsnake/",
      "hash": "sha256-VQaj1HCyjFIQn6TMEdI78lmy/5vb+CPpof2ZbDxJ+8Q=",
      "lastModified": 1779570875,
      "submodules": false
    },
    "sops-nix": {
      "type": "GitHub",
      "fetchType": "tarball",
      "owner": "mic92",
      "repo": "sops-nix",
      "branch": "master",
      "revision": "9ed65852b6257fbeae4355bc24ecfea307ca759a",
      "url": "https://github.com/mic92/sops-nix/archive/9ed65852b6257fbeae4355bc24ecfea307ca759a.tar.gz",
      "hash": "sha256-Gq8KNx5A7hBB3uGJaj6eQfLDIz5YdLu92gqBcvHvoUo="
    }
  }
}
